
Microsoft Visual Studio Solution File, Format Version 12.00
# Visual Studio 15
Project("{FAE04EC0-301F-11D3-BF4B-00C04F79EFBC}") = "Assembly-CSharp", "Assembly-CSharp.csproj", "{ACA769E0-18EC-CE1C-08D8-CE15D5A73192}"
EndProject
Project("{FAE04EC0-301F-11D3-BF4B-00C04F79EFBC}") = "SimpleFileBrowser.Runtime", "SimpleFileBrowser.Runtime.csproj", "{A2A3BFCE-8A24-58EF-1FD0-BCEA36A263D1}"
EndProject
Project("{FAE04EC0-301F-11D3-BF4B-00C04F79EFBC}") = "SimpleFileBrowser.Editor", "SimpleFileBrowser.Editor.csproj", "{DCC0ED9A-7794-94D1-5272-B109A4E7CC7B}"
EndProject
Project("{FAE04EC0-301F-11D3-BF4B-00C04F79EFBC}") = "Assembly-CSharp-Editor", "Assembly-CSharp-Editor.csproj", "{DFA6519A-1D6E-2008-D9E6-E1BE7693AC82}"
EndProject
Global
	GlobalSection(SolutionConfigurationPlatforms) = preSolution
		Debug|Any CPU = Debug|Any CPU
		Release|Any CPU = Release|Any CPU
	EndGlobalSection
	GlobalSection(ProjectConfigurationPlatforms) = postSolution
		{ACA769E0-18EC-CE1C-08D8-CE15D5A73192}.Debug|Any CPU.ActiveCfg = Debug|Any CPU
		{ACA769E0-18EC-CE1C-08D8-CE15D5A73192}.Debug|Any CPU.Build.0 = Debug|Any CPU
		{ACA769E0-18EC-CE1C-08D8-CE15D5A73192}.Release|Any CPU.ActiveCfg = Release|Any CPU
		{ACA769E0-18EC-CE1C-08D8-CE15D5A73192}.Release|Any CPU.Build.0 = Release|Any CPU
		{A2A3BFCE-8A24-58EF-1FD0-BCEA36A263D1}.Debug|Any CPU.ActiveCfg = Debug|Any CPU
		{A2A3BFCE-8A24-58EF-1FD0-BCEA36A263D1}.Debug|Any CPU.Build.0 = Debug|Any CPU
		{A2A3BFCE-8A24-58EF-1FD0-BCEA36A263D1}.Release|Any CPU.ActiveCfg = Release|Any CPU
		{A2A3BFCE-8A24-58EF-1FD0-BCEA36A263D1}.Release|Any CPU.Build.0 = Release|Any CPU
		{DCC0ED9A-7794-94D1-5272-B109A4E7CC7B}.Debug|Any CPU.ActiveCfg = Debug|Any CPU
		{DCC0ED9A-7794-94D1-5272-B109A4E7CC7B}.Debug|Any CPU.Build.0 = Debug|Any CPU
		{DCC0ED9A-7794-94D1-5272-B109A4E7CC7B}.Release|Any CPU.ActiveCfg = Release|Any CPU
		{DCC0ED9A-7794-94D1-5272-B109A4E7CC7B}.Release|Any CPU.Build.0 = Release|Any CPU
		{DFA6519A-1D6E-2008-D9E6-E1BE7693AC82}.Debug|Any CPU.ActiveCfg = Debug|Any CPU
		{DFA6519A-1D6E-2008-D9E6-E1BE7693AC82}.Debug|Any CPU.Build.0 = Debug|Any CPU
		{DFA6519A-1D6E-2008-D9E6-E1BE7693AC82}.Release|Any CPU.ActiveCfg = Release|Any CPU
		{DFA6519A-1D6E-2008-D9E6-E1BE7693AC82}.Release|Any CPU.Build.0 = Release|Any CPU
	EndGlobalSection
	GlobalSection(SolutionProperties) = preSolution
		HideSolutionNode = FALSE
	EndGlobalSection
EndGlobal
